
Microsoft Visual Studio Solution File, Format Version 12.00
# Visual Studio Version 17
VisualStudioVersion = 17.5.002.0
MinimumVisualStudioVersion = 10.0.40219.1
Project("{9A19103F-16F7-4668-BE54-9A1E7A4F7556}") = "SetaPizza", "SetaPizza.csproj", "{D3601F4D-8F91-45E2-932B-609B07B4A2C5}"
EndProject
Global
	GlobalSection(SolutionConfigurationPlatforms) = preSolution
		Debug|Any CPU = Debug|Any CPU
		Release|Any CPU = Release|Any CPU
	EndGlobalSection
	GlobalSection(ProjectConfigurationPlatforms) = postSolution
		{D3601F4D-8F91-45E2-932B-609B07B4A2C5}.Debug|Any CPU.ActiveCfg = Debug|Any CPU
		{D3601F4D-8F91-45E2-932B-609B07B4A2C5}.Debug|Any CPU.Build.0 = Debug|Any CPU
		{D3601F4D-8F91-45E2-932B-609B07B4A2C5}.Release|Any CPU.ActiveCfg = Release|Any CPU
		{D3601F4D-8F91-45E2-932B-609B07B4A2C5}.Release|Any CPU.Build.0 = Release|Any CPU
	EndGlobalSection
	GlobalSection(SolutionProperties) = preSolution
		HideSolutionNode = FALSE
	EndGlobalSection
	GlobalSection(ExtensibilityGlobals) = postSolution
		SolutionGuid = {2EFF0791-AD4D-4491-9835-988E4BF76A3D}
	EndGlobalSection
EndGlobal
